
Microsoft Visual Studio Solution File, Format Version 12.00
# Visual Studio 15
VisualStudioVersion = 15.0.33919.361
MinimumVisualStudioVersion = 10.0.40219.1
Project("{8BC9CEB8-8B4A-11D0-8D11-00A0C91BC942}") = "vlmcsd-Windows", "vlmcsd\vlmcsd.vcxproj", "{918B4F5B-6356-451E-998C-5FCB29988170}"
EndProject
Project("{8BC9CEB8-8B4A-11D0-8D11-00A0C91BC942}") = "vlmcs-Windows", "vlmcs\vlmcs.vcxproj", "{2B3F305D-6351-4F4A-A7F2-1F9B1988CDEE}"
EndProject
Project("{8BC9CEB8-8B4A-11D0-8D11-00A0C91BC942}") = "vlmcsdmulti-Windows", "vlmcsdmulti\vlmcsdmulti.vcxproj", "{7F07671D-1432-43E9-9D72-08435F216B5E}"
EndProject
Project("{8BC9CEB8-8B4A-11D0-8D11-00A0C91BC942}") = "libkms-Windows", "libkms\libkms.vcxproj", "{2A0FC04D-C3C0-43E2-8812-53AE901C5395}"
EndProject
Project("{FAE04EC0-301F-11D3-BF4B-00C04F79EFBC}") = "LicenseManager", "..\LicenseManager\License Manager.csproj", "{C147A441-64DE-4773-948C-105CC3BBCA07}"
EndProject
Global
	GlobalSection(SolutionConfigurationPlatforms) = preSolution
		Debug|Any CPU = Debug|Any CPU
		Debug|ARM = Debug|ARM
		Debug|ARM64 = Debug|ARM64
		Debug|x64 = Debug|x64
		Debug|x86 = Debug|x86
		publish|Any CPU = publish|Any CPU
		publish|ARM = publish|ARM
		publish|ARM64 = publish|ARM64
		publish|x64 = publish|x64
		publish|x86 = publish|x86
		Release|Any CPU = Release|Any CPU
		Release|ARM = Release|ARM
		Release|ARM64 = Release|ARM64
		Release|x64 = Release|x64
		Release|x86 = Release|x86
	EndGlobalSection
	GlobalSection(ProjectConfigurationPlatforms) = postSolution
		{918B4F5B-6356-451E-998C-5FCB29988170}.Debug|Any CPU.ActiveCfg = Debug|Win32
		{918B4F5B-6356-451E-998C-5FCB29988170}.Debug|ARM.ActiveCfg = Debug|ARM
		{918B4F5B-6356-451E-998C-5FCB29988170}.Debug|ARM.Build.0 = Debug|ARM
		{918B4F5B-6356-451E-998C-5FCB29988170}.Debug|ARM64.ActiveCfg = Debug|ARM64
		{918B4F5B-6356-451E-998C-5FCB29988170}.Debug|ARM64.Build.0 = Debug|ARM64
		{918B4F5B-6356-451E-998C-5FCB29988170}.Debug|x64.ActiveCfg = Debug|x64
		{918B4F5B-6356-451E-998C-5FCB29988170}.Debug|x64.Build.0 = Debug|x64
		{918B4F5B-6356-451E-998C-5FCB29988170}.Debug|x86.ActiveCfg = Debug|Win32
		{918B4F5B-6356-451E-998C-5FCB29988170}.Debug|x86.Build.0 = Debug|Win32
		{918B4F5B-6356-451E-998C-5FCB29988170}.publish|Any CPU.ActiveCfg = Release|ARM64
		{918B4F5B-6356-451E-998C-5FCB29988170}.publish|Any CPU.Build.0 = Release|ARM64
		{918B4F5B-6356-451E-998C-5FCB29988170}.publish|ARM.ActiveCfg = Debug|ARM
		{918B4F5B-6356-451E-998C-5FCB29988170}.publish|ARM.Build.0 = Debug|ARM
		{918B4F5B-6356-451E-998C-5FCB29988170}.publish|ARM64.ActiveCfg = Debug|ARM64
		{918B4F5B-6356-451E-998C-5FCB29988170}.publish|ARM64.Build.0 = Debug|ARM64
		{918B4F5B-6356-451E-998C-5FCB29988170}.publish|x64.ActiveCfg = Release|x64
		{918B4F5B-6356-451E-998C-5FCB29988170}.publish|x64.Build.0 = Release|x64
		{918B4F5B-6356-451E-998C-5FCB29988170}.publish|x86.ActiveCfg = Release|Win32
		{918B4F5B-6356-451E-998C-5FCB29988170}.publish|x86.Build.0 = Release|Win32
		{918B4F5B-6356-451E-998C-5FCB29988170}.Release|Any CPU.ActiveCfg = Release|Win32
		{918B4F5B-6356-451E-998C-5FCB29988170}.Release|ARM.ActiveCfg = Release|ARM
		{918B4F5B-6356-451E-998C-5FCB29988170}.Release|ARM.Build.0 = Release|ARM
		{918B4F5B-6356-451E-998C-5FCB29988170}.Release|ARM64.ActiveCfg = Release|ARM64
		{918B4F5B-6356-451E-998C-5FCB29988170}.Release|ARM64.Build.0 = Release|ARM64
		{918B4F5B-6356-451E-998C-5FCB29988170}.Release|x64.ActiveCfg = Release|x64
		{918B4F5B-6356-451E-998C-5FCB29988170}.Release|x64.Build.0 = Release|x64
		{918B4F5B-6356-451E-998C-5FCB29988170}.Release|x86.ActiveCfg = Release|Win32
		{918B4F5B-6356-451E-998C-5FCB29988170}.Release|x86.Build.0 = Release|Win32
		{2B3F305D-6351-4F4A-A7F2-1F9B1988CDEE}.Debug|Any CPU.ActiveCfg = Debug|Win32
		{2B3F305D-6351-4F4A-A7F2-1F9B1988CDEE}.Debug|ARM.ActiveCfg = Debug|ARM
		{2B3F305D-6351-4F4A-A7F2-1F9B1988CDEE}.Debug|ARM.Build.0 = Debug|ARM
		{2B3F305D-6351-4F4A-A7F2-1F9B1988CDEE}.Debug|ARM64.ActiveCfg = Debug|ARM64
		{2B3F305D-6351-4F4A-A7F2-1F9B1988CDEE}.Debug|ARM64.Build.0 = Debug|ARM64
		{2B3F305D-6351-4F4A-A7F2-1F9B1988CDEE}.Debug|x64.ActiveCfg = Debug|x64
		{2B3F305D-6351-4F4A-A7F2-1F9B1988CDEE}.Debug|x64.Build.0 = Debug|x64
		{2B3F305D-6351-4F4A-A7F2-1F9B1988CDEE}.Debug|x86.ActiveCfg = Debug|Win32
		{2B3F305D-6351-4F4A-A7F2-1F9B1988CDEE}.Debug|x86.Build.0 = Debug|Win32
		{2B3F305D-6351-4F4A-A7F2-1F9B1988CDEE}.publish|Any CPU.ActiveCfg = Release|ARM64
		{2B3F305D-6351-4F4A-A7F2-1F9B1988CDEE}.publish|Any CPU.Build.0 = Release|ARM64
		{2B3F305D-6351-4F4A-A7F2-1F9B1988CDEE}.publish|ARM.ActiveCfg = Debug|ARM
		{2B3F305D-6351-4F4A-A7F2-1F9B1988CDEE}.publish|ARM.Build.0 = Debug|ARM
		{2B3F305D-6351-4F4A-A7F2-1F9B1988CDEE}.publish|ARM64.ActiveCfg = Debug|ARM64
		{2B3F305D-6351-4F4A-A7F2-1F9B1988CDEE}.publish|ARM64.Build.0 = Debug|ARM64
		{2B3F305D-6351-4F4A-A7F2-1F9B1988CDEE}.publish|x64.ActiveCfg = Release|x64
		{2B3F305D-6351-4F4A-A7F2-1F9B1988CDEE}.publish|x64.Build.0 = Release|x64
		{2B3F305D-6351-4F4A-A7F2-1F9B1988CDEE}.publish|x86.ActiveCfg = Release|Win32
		{2B3F305D-6351-4F4A-A7F2-1F9B1988CDEE}.publish|x86.Build.0 = Release|Win32
		{2B3F305D-6351-4F4A-A7F2-1F9B1988CDEE}.Release|Any CPU.ActiveCfg = Release|Win32
		{2B3F305D-6351-4F4A-A7F2-1F9B1988CDEE}.Release|ARM.ActiveCfg = Release|ARM
		{2B3F305D-6351-4F4A-A7F2-1F9B1988CDEE}.Release|ARM.Build.0 = Release|ARM
		{2B3F305D-6351-4F4A-A7F2-1F9B1988CDEE}.Release|ARM64.ActiveCfg = Release|ARM64
		{2B3F305D-6351-4F4A-A7F2-1F9B1988CDEE}.Release|ARM64.Build.0 = Release|ARM64
		{2B3F305D-6351-4F4A-A7F2-1F9B1988CDEE}.Release|x64.ActiveCfg = Release|x64
		{2B3F305D-6351-4F4A-A7F2-1F9B1988CDEE}.Release|x64.Build.0 = Release|x64
		{2B3F305D-6351-4F4A-A7F2-1F9B1988CDEE}.Release|x86.ActiveCfg = Release|Win32
		{2B3F305D-6351-4F4A-A7F2-1F9B1988CDEE}.Release|x86.Build.0 = Release|Win32
		{7F07671D-1432-43E9-9D72-08435F216B5E}.Debug|Any CPU.ActiveCfg = Debug|Win32
		{7F07671D-1432-43E9-9D72-08435F216B5E}.Debug|ARM.ActiveCfg = Debug|ARM
		{7F07671D-1432-43E9-9D72-08435F216B5E}.Debug|ARM.Build.0 = Debug|ARM
		{7F07671D-1432-43E9-9D72-08435F216B5E}.Debug|ARM64.ActiveCfg = Debug|ARM64
		{7F07671D-1432-43E9-9D72-08435F216B5E}.Debug|ARM64.Build.0 = Debug|ARM64
		{7F07671D-1432-43E9-9D72-08435F216B5E}.Debug|x64.ActiveCfg = Debug|x64
		{7F07671D-1432-43E9-9D72-08435F216B5E}.Debug|x64.Build.0 = Debug|x64
		{7F07671D-1432-43E9-9D72-08435F216B5E}.Debug|x86.ActiveCfg = Debug|Win32
		{7F07671D-1432-43E9-9D72-08435F216B5E}.Debug|x86.Build.0 = Debug|Win32
		{7F07671D-1432-43E9-9D72-08435F216B5E}.publish|Any CPU.ActiveCfg = Release|ARM64
		{7F07671D-1432-43E9-9D72-08435F216B5E}.publish|Any CPU.Build.0 = Release|ARM64
		{7F07671D-1432-43E9-9D72-08435F216B5E}.publish|ARM.ActiveCfg = Debug|ARM
		{7F07671D-1432-43E9-9D72-08435F216B5E}.publish|ARM.Build.0 = Debug|ARM
		{7F07671D-1432-43E9-9D72-08435F216B5E}.publish|ARM64.ActiveCfg = Debug|ARM64
		{7F07671D-1432-43E9-9D72-08435F216B5E}.publish|ARM64.Build.0 = Debug|ARM64
		{7F07671D-1432-43E9-9D72-08435F216B5E}.publish|x64.ActiveCfg = Release|x64
		{7F07671D-1432-43E9-9D72-08435F216B5E}.publish|x64.Build.0 = Release|x64
		{7F07671D-1432-43E9-9D72-08435F216B5E}.publish|x86.ActiveCfg = Release|Win32
		{7F07671D-1432-43E9-9D72-08435F216B5E}.publish|x86.Build.0 = Release|Win32
		{7F07671D-1432-43E9-9D72-08435F216B5E}.Release|Any CPU.ActiveCfg = Release|Win32
		{7F07671D-1432-43E9-9D72-08435F216B5E}.Release|ARM.ActiveCfg = Release|ARM
		{7F07671D-1432-43E9-9D72-08435F216B5E}.Release|ARM.Build.0 = Release|ARM
		{7F07671D-1432-43E9-9D72-08435F216B5E}.Release|ARM64.ActiveCfg = Release|ARM64
		{7F07671D-1432-43E9-9D72-08435F216B5E}.Release|ARM64.Build.0 = Release|ARM64
		{7F07671D-1432-43E9-9D72-08435F216B5E}.Release|x64.ActiveCfg = Release|x64
		{7F07671D-1432-43E9-9D72-08435F216B5E}.Release|x64.Build.0 = Release|x64
		{7F07671D-1432-43E9-9D72-08435F216B5E}.Release|x86.ActiveCfg = Release|Win32
		{7F07671D-1432-43E9-9D72-08435F216B5E}.Release|x86.Build.0 = Release|Win32
		{2A0FC04D-C3C0-43E2-8812-53AE901C5395}.Debug|Any CPU.ActiveCfg = Debug|Win32
		{2A0FC04D-C3C0-43E2-8812-53AE901C5395}.Debug|ARM.ActiveCfg = Debug|ARM
		{2A0FC04D-C3C0-43E2-8812-53AE901C5395}.Debug|ARM.Build.0 = Debug|ARM
		{2A0FC04D-C3C0-43E2-8812-53AE901C5395}.Debug|ARM64.ActiveCfg = Debug|ARM64
		{2A0FC04D-C3C0-43E2-8812-53AE901C5395}.Debug|ARM64.Build.0 = Debug|ARM64
		{2A0FC04D-C3C0-43E2-8812-53AE901C5395}.Debug|x64.ActiveCfg = Debug|x64
		{2A0FC04D-C3C0-43E2-8812-53AE901C5395}.Debug|x64.Build.0 = Debug|x64
		{2A0FC04D-C3C0-43E2-8812-53AE901C5395}.Debug|x86.ActiveCfg = Debug|Win32
		{2A0FC04D-C3C0-43E2-8812-53AE901C5395}.Debug|x86.Build.0 = Debug|Win32
		{2A0FC04D-C3C0-43E2-8812-53AE901C5395}.publish|Any CPU.ActiveCfg = Release|ARM64
		{2A0FC04D-C3C0-43E2-8812-53AE901C5395}.publish|Any CPU.Build.0 = Release|ARM64
		{2A0FC04D-C3C0-43E2-8812-53AE901C5395}.publish|ARM.ActiveCfg = Debug|ARM
		{2A0FC04D-C3C0-43E2-8812-53AE901C5395}.publish|ARM.Build.0 = Debug|ARM
		{2A0FC04D-C3C0-43E2-8812-53AE901C5395}.publish|ARM64.ActiveCfg = Debug|ARM64
		{2A0FC04D-C3C0-43E2-8812-53AE901C5395}.publish|ARM64.Build.0 = Debug|ARM64
		{2A0FC04D-C3C0-43E2-8812-53AE901C5395}.publish|x64.ActiveCfg = Release|x64
		{2A0FC04D-C3C0-43E2-8812-53AE901C5395}.publish|x64.Build.0 = Release|x64
		{2A0FC04D-C3C0-43E2-8812-53AE901C5395}.publish|x86.ActiveCfg = Release|Win32
		{2A0FC04D-C3C0-43E2-8812-53AE901C5395}.publish|x86.Build.0 = Release|Win32
		{2A0FC04D-C3C0-43E2-8812-53AE901C5395}.Release|Any CPU.ActiveCfg = Release|Win32
		{2A0FC04D-C3C0-43E2-8812-53AE901C5395}.Release|ARM.ActiveCfg = Release|ARM
		{2A0FC04D-C3C0-43E2-8812-53AE901C5395}.Release|ARM.Build.0 = Release|ARM
		{2A0FC04D-C3C0-43E2-8812-53AE901C5395}.Release|ARM64.ActiveCfg = Release|ARM64
		{2A0FC04D-C3C0-43E2-8812-53AE901C5395}.Release|ARM64.Build.0 = Release|ARM64
		{2A0FC04D-C3C0-43E2-8812-53AE901C5395}.Release|x64.ActiveCfg = Release|x64
		{2A0FC04D-C3C0-43E2-8812-53AE901C5395}.Release|x64.Build.0 = Release|x64
		{2A0FC04D-C3C0-43E2-8812-53AE901C5395}.Release|x86.ActiveCfg = Release|Win32
		{2A0FC04D-C3C0-43E2-8812-53AE901C5395}.Release|x86.Build.0 = Release|Win32
		{C147A441-64DE-4773-948C-105CC3BBCA07}.Debug|Any CPU.ActiveCfg = Debug|Any CPU
		{C147A441-64DE-4773-948C-105CC3BBCA07}.Debug|Any CPU.Build.0 = Debug|Any CPU
		{C147A441-64DE-4773-948C-105CC3BBCA07}.Debug|ARM.ActiveCfg = Debug|Any CPU
		{C147A441-64DE-4773-948C-105CC3BBCA07}.Debug|ARM.Build.0 = Debug|Any CPU
		{C147A441-64DE-4773-948C-105CC3BBCA07}.Debug|ARM64.ActiveCfg = Debug|Any CPU
		{C147A441-64DE-4773-948C-105CC3BBCA07}.Debug|ARM64.Build.0 = Debug|Any CPU
		{C147A441-64DE-4773-948C-105CC3BBCA07}.Debug|x64.ActiveCfg = Debug|Any CPU
		{C147A441-64DE-4773-948C-105CC3BBCA07}.Debug|x64.Build.0 = Debug|Any CPU
		{C147A441-64DE-4773-948C-105CC3BBCA07}.Debug|x86.ActiveCfg = Debug|x86
		{C147A441-64DE-4773-948C-105CC3BBCA07}.Debug|x86.Build.0 = Debug|x86
		{C147A441-64DE-4773-948C-105CC3BBCA07}.publish|Any CPU.ActiveCfg = Release|Any CPU
		{C147A441-64DE-4773-948C-105CC3BBCA07}.publish|Any CPU.Build.0 = Release|Any CPU
		{C147A441-64DE-4773-948C-105CC3BBCA07}.publish|ARM.ActiveCfg = Release|Any CPU
		{C147A441-64DE-4773-948C-105CC3BBCA07}.publish|ARM.Build.0 = Release|Any CPU
		{C147A441-64DE-4773-948C-105CC3BBCA07}.publish|ARM64.ActiveCfg = Release|Any CPU
		{C147A441-64DE-4773-948C-105CC3BBCA07}.publish|ARM64.Build.0 = Release|Any CPU
		{C147A441-64DE-4773-948C-105CC3BBCA07}.publish|x64.ActiveCfg = Release|Any CPU
		{C147A441-64DE-4773-948C-105CC3BBCA07}.publish|x64.Build.0 = Release|Any CPU
		{C147A441-64DE-4773-948C-105CC3BBCA07}.publish|x86.ActiveCfg = Release|x86
		{C147A441-64DE-4773-948C-105CC3BBCA07}.publish|x86.Build.0 = Release|x86
		{C147A441-64DE-4773-948C-105CC3BBCA07}.Release|Any CPU.ActiveCfg = Release|Any CPU
		{C147A441-64DE-4773-948C-105CC3BBCA07}.Release|Any CPU.Build.0 = Release|Any CPU
		{C147A441-64DE-4773-948C-105CC3BBCA07}.Release|ARM.ActiveCfg = Release|Any CPU
		{C147A441-64DE-4773-948C-105CC3BBCA07}.Release|ARM.Build.0 = Release|Any CPU
		{C147A441-64DE-4773-948C-105CC3BBCA07}.Release|ARM64.ActiveCfg = Release|Any CPU
		{C147A441-64DE-4773-948C-105CC3BBCA07}.Release|ARM64.Build.0 = Release|Any CPU
		{C147A441-64DE-4773-948C-105CC3BBCA07}.Release|x64.ActiveCfg = Release|Any CPU
		{C147A441-64DE-4773-948C-105CC3BBCA07}.Release|x64.Build.0 = Release|Any CPU
		{C147A441-64DE-4773-948C-105CC3BBCA07}.Release|x86.ActiveCfg = Release|x86
		{C147A441-64DE-4773-948C-105CC3BBCA07}.Release|x86.Build.0 = Release|x86
	EndGlobalSection
	GlobalSection(SolutionProperties) = preSolution
		HideSolutionNode = FALSE
	EndGlobalSection
	GlobalSection(ExtensibilityGlobals) = postSolution
		SolutionGuid = {68C945F7-DCCE-413A-8507-F5CFB781081F}
	EndGlobalSection
EndGlobal
